// !$*UTF8*$!
{
	archiveVersion = 1;
	classes = {
	};
	objectVersion = 56;
	objects = {

/* Begin PBXBuildFile section */
		18C21B812A936A52002786A8 /* AppDelegate.swift in Sources */ = {isa = PBXBuildFile; fileRef = 18C21B802A936A52002786A8 /* AppDelegate.swift */; };
		18C21B832A936A52002786A8 /* SceneDelegate.swift in Sources */ = {isa = PBXBuildFile; fileRef = 18C21B822A936A52002786A8 /* SceneDelegate.swift */; };
		18C21B852A936A52002786A8 /* ViewController.swift in Sources */ = {isa = PBXBuildFile; fileRef = 18C21B842A936A52002786A8 /* ViewController.swift */; };
		18C21B8A2A936A52002786A8 /* Assets.xcassets in Resources */ = {isa = PBXBuildFile; fileRef = 18C21B892A936A52002786A8 /* Assets.xcassets */; };
		18C21B8D2A936A53002786A8 /* LaunchScreen.storyboard in Resources */ = {isa = PBXBuildFile; fileRef = 18C21B8B2A936A53002786A8 /* LaunchScreen.storyboard */; };
		18C21B982A936A53002786A8 /* GifDemoTests.swift in Sources */ = {isa = PBXBuildFile; fileRef = 18C21B972A936A53002786A8 /* GifDemoTests.swift */; };
		18C21BA22A936A53002786A8 /* GifDemoUITests.swift in Sources */ = {isa = PBXBuildFile; fileRef = 18C21BA12A936A53002786A8 /* GifDemoUITests.swift */; };
		18C21BA42A936A53002786A8 /* GifDemoUITestsLaunchTests.swift in Sources */ = {isa = PBXBuildFile; fileRef = 18C21BA32A936A53002786A8 /* GifDemoUITestsLaunchTests.swift */; };
		18C21BB12A936B5B002786A8 /* Main.storyboard in Resources */ = {isa = PBXBuildFile; fileRef = 18C21BB02A936B5B002786A8 /* Main.storyboard */; };
		18C21BB32A936BE8002786A8 /* demo.gif in Resources */ = {isa = PBXBuildFile; fileRef = 18C21BB22A936BE8002786A8 /* demo.gif */; };
/* End PBXBuildFile section */

/* Begin PBXContainerItemProxy section */
		18C21B942A936A53002786A8 /* PBXContainerItemProxy */ = {
			isa = PBXContainerItemProxy;
			containerPortal = 18C21B752A936A52002786A8 /* Project object */;
			proxyType = 1;
			remoteGlobalIDString = 18C21B7C2A936A52002786A8;
			remoteInfo = GifDemo;
		};
		18C21B9E2A936A53002786A8 /* PBXContainerItemProxy */ = {
			isa = PBXContainerItemProxy;
			containerPortal = 18C21B752A936A52002786A8 /* Project object */;
			proxyType = 1;
			remoteGlobalIDString = 18C21B7C2A936A52002786A8;
			remoteInfo = GifDemo;
		};
/* End PBXContainerItemProxy section */

/* Begin PBXFileReference section */
		18C21B7D2A936A52002786A8 /* GifDemo.app */ = {isa = PBXFileReference; explicitFileType = wrapper.application; includeInIndex = 0; path = GifDemo.app; sourceTree = BUILT_PRODUCTS_DIR; };
		18C21B802A936A52002786A8 /* AppDelegate.swift */ = {isa = PBXFileReference; lastKnownFileType = sourcecode.swift; path = AppDelegate.swift; sourceTree = "<group>"; };
		18C21B822A936A52002786A8 /* SceneDelegate.swift */ = {isa = PBXFileReference; lastKnownFileType = sourcecode.swift; path = SceneDelegate.swift; sourceTree = "<group>"; };
		18C21B842A936A52002786A8 /* ViewController.swift */ = {isa = PBXFileReference; lastKnownFileType = sourcecode.swift; path = ViewController.swift; sourceTree = "<group>"; };
		18C21B892A936A52002786A8 /* Assets.xcassets */ = {isa = PBXFileReference; lastKnownFileType = folder.assetcatalog; path = Assets.xcassets; sourceTree = "<group>"; };
		18C21B8C2A936A53002786A8 /* Base */ = {isa = PBXFileReference; lastKnownFileType = file.storyboard; name = Base; path = Base.lproj/LaunchScreen.storyboard; sourceTree = "<group>"; };
		18C21B8E2A936A53002786A8 /* Info.plist */ = {isa = PBXFileReference; lastKnownFileType = text.plist.xml; path = Info.plist; sourceTree = "<group>"; };
		18C21B932A936A53002786A8 /* GifDemoTests.xctest */ = {isa = PBXFileReference; explicitFileType = wrapper.cfbundle; includeInIndex = 0; path = GifDemoTests.xctest; sourceTree = BUILT_PRODUCTS_DIR; };
		18C21B972A936A53002786A8 /* GifDemoTests.swift */ = {isa = PBXFileReference; lastKnownFileType = sourcecode.swift; path = GifDemoTests.swift; sourceTree = "<group>"; };
		18C21B9D2A936A53002786A8 /* GifDemoUITests.xctest */ = {isa = PBXFileReference; explicitFileType = wrapper.cfbundle; includeInIndex = 0; path = GifDemoUITests.xctest; sourceTree = BUILT_PRODUCTS_DIR; };
		18C21BA12A936A53002786A8 /* GifDemoUITests.swift */ = {isa = PBXFileReference; lastKnownFileType = sourcecode.swift; path = GifDemoUITests.swift; sourceTree = "<group>"; };
		18C21BA32A936A53002786A8 /* GifDemoUITestsLaunchTests.swift */ = {isa = PBXFileReference; lastKnownFileType = sourcecode.swift; path = GifDemoUITestsLaunchTests.swift; sourceTree = "<group>"; };
		18C21BB02A936B5B002786A8 /* Main.storyboard */ = {isa = PBXFileReference; fileEncoding = 4; lastKnownFileType = file.storyboard; path = Main.storyboard; sourceTree = "<group>"; };
		18C21BB22A936BE8002786A8 /* demo.gif */ = {isa = PBXFileReference; lastKnownFileType = image.gif; path = demo.gif; sourceTree = "<group>"; };
/* End PBXFileReference section */

/* Begin PBXFrameworksBuildPhase section */
		18C21B7A2A936A52002786A8 /* Frameworks */ = {
			isa = PBXFrameworksBuildPhase;
			buildActionMask = 2147483647;
			files = (
			);
			runOnlyForDeploymentPostprocessing = 0;
		};
		18C21B902A936A53002786A8 /* Frameworks */ = {
			isa = PBXFrameworksBuildPhase;
			buildActionMask = 2147483647;
			files = (
			);
			runOnlyForDeploymentPostprocessing = 0;
		};
		18C21B9A2A936A53002786A8 /* Frameworks */ = {
			isa = PBXFrameworksBuildPhase;
			buildActionMask = 2147483647;
			files = (
			);
			runOnlyForDeploymentPostprocessing = 0;
		};
/* End PBXFrameworksBuildPhase section */

/* Begin PBXGroup section */
		18C21B742A936A52002786A8 = {
			isa = PBXGroup;
			children = (
				18C21B7F2A936A52002786A8 /* GifDemo */,
				18C21B962A936A53002786A8 /* GifDemoTests */,
				18C21BA02A936A53002786A8 /* GifDemoUITests */,
				18C21B7E2A936A52002786A8 /* Products */,
			);
			sourceTree = "<group>";
		};
		18C21B7E2A936A52002786A8 /* Products */ = {
			isa = PBXGroup;
			children = (
				18C21B7D2A936A52002786A8 /* GifDemo.app */,
				18C21B932A936A53002786A8 /* GifDemoTests.xctest */,
				18C21B9D2A936A53002786A8 /* GifDemoUITests.xctest */,
			);
			name = Products;
			sourceTree = "<group>";
		};
		18C21B7F2A936A52002786A8 /* GifDemo */ = {
			isa = PBXGroup;
			children = (
				18C21B802A936A52002786A8 /* AppDelegate.swift */,
				18C21B822A936A52002786A8 /* SceneDelegate.swift */,
				18C21B842A936A52002786A8 /* ViewController.swift */,
				18C21BB02A936B5B002786A8 /* Main.storyboard */,
				18C21B892A936A52002786A8 /* Assets.xcassets */,
				18C21BB22A936BE8002786A8 /* demo.gif */,
				18C21B8B2A936A53002786A8 /* LaunchScreen.storyboard */,
				18C21B8E2A936A53002786A8 /* Info.plist */,
			);
			path = GifDemo;
			sourceTree = "<group>";
		};
		18C21B962A936A53002786A8 /* GifDemoTests */ = {
			isa = PBXGroup;
			children = (
				18C21B972A936A53002786A8 /* GifDemoTests.swift */,
			);
			path = GifDemoTests;
			sourceTree = "<group>";
		};
		18C21BA02A936A53002786A8 /* GifDemoUITests */ = {
			isa = PBXGroup;
			children = (
				18C21BA12A936A53002786A8 /* GifDemoUITests.swift */,
				18C21BA32A936A53002786A8 /* GifDemoUITestsLaunchTests.swift */,
			);
			path = GifDemoUITests;
			sourceTree = "<group>";
		};
/* End PBXGroup section */

/* Begin PBXNativeTarget section */
		18C21B7C2A936A52002786A8 /* GifDemo */ = {
			isa = PBXNativeTarget;
			buildConfigurationList = 18C21BA72A936A53002786A8 /* Build configuration list for PBXNativeTarget "GifDemo" */;
			buildPhases = (
				18C21B792A936A52002786A8 /* Sources */,
				18C21B7A2A936A52002786A8 /* Frameworks */,
				18C21B7B2A936A52002786A8 /* Resources */,
			);
			buildRules = (
			);
			dependencies = (
			);
			name = GifDemo;
			productName = GifDemo;
			productReference = 18C21B7D2A936A52002786A8 /* GifDemo.app */;
			productType = "com.apple.product-type.application";
		};
		18C21B922A936A53002786A8 /* GifDemoTests */ = {
			isa = PBXNativeTarget;
			buildConfigurationList = 18C21BAA2A936A53002786A8 /* Build configuration list for PBXNativeTarget "GifDemoTests" */;
			buildPhases = (
				18C21B8F2A936A53002786A8 /* Sources */,
				18C21B902A936A53002786A8 /* Frameworks */,
				18C21B912A936A53002786A8 /* Resources */,
			);
			buildRules = (
			);
			dependencies = (
				18C21B952A936A53002786A8 /* PBXTargetDependency */,
			);
			name = GifDemoTests;
			productName = GifDemoTests;
			productReference = 18C21B932A936A53002786A8 /* GifDemoTests.xctest */;
			productType = "com.apple.product-type.bundle.unit-test";
		};
		18C21B9C2A936A53002786A8 /* GifDemoUITests */ = {
			isa = PBXNativeTarget;
			buildConfigurationList = 18C21BAD2A936A53002786A8 /* Build configuration list for PBXNativeTarget "GifDemoUITests" */;
			buildPhases = (
				18C21B992A936A53002786A8 /* Sources */,
				18C21B9A2A936A53002786A8 /* Frameworks */,
				18C21B9B2A936A53002786A8 /* Resources */,
			);
			buildRules = (
			);
			dependencies = (
				18C21B9F2A936A53002786A8 /* PBXTargetDependency */,
			);
			name = GifDemoUITests;
			productName = GifDemoUITests;
			productReference = 18C21B9D2A936A53002786A8 /* GifDemoUITests.xctest */;
			productType = "com.apple.product-type.bundle.ui-testing";
		};
/* End PBXNativeTarget section */

/* Begin PBXProject section */
		18C21B752A936A52002786A8 /* Project object */ = {
			isa = PBXProject;
			attributes = {
				BuildIndependentTargetsInParallel = 1;
				LastSwiftUpdateCheck = 1420;
				LastUpgradeCheck = 1420;
				TargetAttributes = {
					18C21B7C2A936A52002786A8 = {
						CreatedOnToolsVersion = 14.2;
					};
					18C21B922A936A53002786A8 = {
						CreatedOnToolsVersion = 14.2;
						TestTargetID = 18C21B7C2A936A52002786A8;
					};
					18C21B9C2A936A53002786A8 = {
						CreatedOnToolsVersion = 14.2;
						TestTargetID = 18C21B7C2A936A52002786A8;
					};
				};
			};
			buildConfigurationList = 18C21B782A936A52002786A8 /* Build configuration list for PBXProject "GifDemo" */;
			compatibilityVersion = "Xcode 14.0";
			developmentRegion = en;
			hasScannedForEncodings = 0;
			knownRegions = (
				en,
				Base,
			);
			mainGroup = 18C21B742A936A52002786A8;
			productRefGroup = 18C21B7E2A936A52002786A8 /* Products */;
			projectDirPath = "";
			projectRoot = "";
			targets = (
				18C21B7C2A936A52002786A8 /* GifDemo */,
				18C21B922A936A53002786A8 /* GifDemoTests */,
				18C21B9C2A936A53002786A8 /* GifDemoUITests */,
			);
		};
/* End PBXProject section */

/* Begin PBXResourcesBuildPhase section */
		18C21B7B2A936A52002786A8 /* Resources */ = {
			isa = PBXResourcesBuildPhase;
			buildActionMask = 2147483647;
			files = (
				18C21BB12A936B5B002786A8 /* Main.storyboard in Resources */,
				18C21BB32A936BE8002786A8 /* demo.gif in Resources */,
				18C21B8D2A936A53002786A8 /* LaunchScreen.storyboard in Resources */,
				18C21B8A2A936A52002786A8 /* Assets.xcassets in Resources */,
			);
			runOnlyForDeploymentPostprocessing = 0;
		};
		18C21B912A936A53002786A8 /* Resources */ = {
			isa = PBXResourcesBuildPhase;
			buildActionMask = 2147483647;
			files = (
			);
			runOnlyForDeploymentPostprocessing = 0;
		};
		18C21B9B2A936A53002786A8 /* Resources */ = {
			isa = PBXResourcesBuildPhase;
			buildActionMask = 2147483647;
			files = (
			);
			runOnlyForDeploymentPostprocessing = 0;
		};
/* End PBXResourcesBuildPhase section */

/* Begin PBXSourcesBuildPhase section */
		18C21B792A936A52002786A8 /* Sources */ = {
			isa = PBXSourcesBuildPhase;
			buildActionMask = 2147483647;
			files = (
				18C21B852A936A52002786A8 /* ViewController.swift in Sources */,
				18C21B812A936A52002786A8 /* AppDelegate.swift in Sources */,
				18C21B832A936A52002786A8 /* SceneDelegate.swift in Sources */,
			);
			runOnlyForDeploymentPostprocessing = 0;
		};
		18C21B8F2A936A53002786A8 /* Sources */ = {
			isa = PBXSourcesBuildPhase;
			buildActionMask = 2147483647;
			files = (
				18C21B982A936A53002786A8 /* GifDemoTests.swift in Sources */,
			);
			runOnlyForDeploymentPostprocessing = 0;
		};
		18C21B992A936A53002786A8 /* Sources */ = {
			isa = PBXSourcesBuildPhase;
			buildActionMask = 2147483647;
			files = (
				18C21BA42A936A53002786A8 /* GifDemoUITestsLaunchTests.swift in Sources */,
				18C21BA22A936A53002786A8 /* GifDemoUITests.swift in Sources */,
			);
			runOnlyForDeploymentPostprocessing = 0;
		};
/* End PBXSourcesBuildPhase section */

/* Begin PBXTargetDependency section */
		18C21B952A936A53002786A8 /* PBXTargetDependency */ = {
			isa = PBXTargetDependency;
			target = 18C21B7C2A936A52002786A8 /* GifDemo */;
			targetProxy = 18C21B942A936A53002786A8 /* PBXContainerItemProxy */;
		};
		18C21B9F2A936A53002786A8 /* PBXTargetDependency */ = {
			isa = PBXTargetDependency;
			target = 18C21B7C2A936A52002786A8 /* GifDemo */;
			targetProxy = 18C21B9E2A936A53002786A8 /* PBXContainerItemProxy */;
		};
/* End PBXTargetDependency section */

/* Begin PBXVariantGroup section */
		18C21B8B2A936A53002786A8 /* LaunchScreen.storyboard */ = {
			isa = PBXVariantGroup;
			children = (
				18C21B8C2A936A53002786A8 /* Base */,
			);
			name = LaunchScreen.storyboard;
			sourceTree = "<group>";
		};
/* End PBXVariantGroup section */

/* Begin XCBuildConfiguration section */
		18C21BA52A936A53002786A8 /* Debug */ = {
			isa = XCBuildConfiguration;
			buildSettings = {
				ALWAYS_SEARCH_USER_PATHS = NO;
				CLANG_ANALYZER_NONNULL = YES;
				CLANG_ANALYZER_NUMBER_OBJECT_CONVERSION = YES_AGGRESSIVE;
				CLANG_CXX_LANGUAGE_STANDARD = "gnu++20";
				CLANG_ENABLE_MODULES = YES;
				CLANG_ENABLE_OBJC_ARC = YES;
				CLANG_ENABLE_OBJC_WEAK = YES;
				CLANG_WARN_BLOCK_CAPTURE_AUTORELEASING = YES;
				CLANG_WARN_BOOL_CONVERSION = YES;
				CLANG_WARN_COMMA = YES;
				CLANG_WARN_CONSTANT_CONVERSION = YES;
				CLANG_WARN_DEPRECATED_OBJC_IMPLEMENTATIONS = YES;
				CLANG_WARN_DIRECT_OBJC_ISA_USAGE = YES_ERROR;
				CLANG_WARN_DOCUMENTATION_COMMENTS = YES;
				CLANG_WARN_EMPTY_BODY = YES;
				CLANG_WARN_ENUM_CONVERSION = YES;
				CLANG_WARN_INFINITE_RECURSION = YES;
				CLANG_WARN_INT_CONVERSION = YES;
				CLANG_WARN_NON_LITERAL_NULL_CONVERSION = YES;
				CLANG_WARN_OBJC_IMPLICIT_RETAIN_SELF = YES;
				CLANG_WARN_OBJC_LITERAL_CONVERSION = YES;
				CLANG_WARN_OBJC_ROOT_CLASS = YES_ERROR;
				CLANG_WARN_QUOTED_INCLUDE_IN_FRAMEWORK_HEADER = YES;
				CLANG_WARN_RANGE_LOOP_ANALYSIS = YES;
				CLANG_WARN_STRICT_PROTOTYPES = YES;
				CLANG_WARN_SUSPICIOUS_MOVE = YES;
				CLANG_WARN_UNGUARDED_AVAILABILITY = YES_AGGRESSIVE;
				CLANG_WARN_UNREACHABLE_CODE = YES;
				CLANG_WARN__DUPLICATE_METHOD_MATCH = YES;
				COPY_PHASE_STRIP = NO;
				DEBUG_INFORMATION_FORMAT = dwarf;
				ENABLE_STRICT_OBJC_MSGSEND = YES;
				ENABLE_TESTABILITY = YES;
				GCC_C_LANGUAGE_STANDARD = gnu11;
				GCC_DYNAMIC_NO_PIC = NO;
				GCC_NO_COMMON_BLOCKS = YES;
				GCC_OPTIMIZATION_LEVEL = 0;
				GCC_PREPROCESSOR_DEFINITIONS = (
					"DEBUG=1",
					"$(inherited)",
				);
				GCC_WARN_64_TO_32_BIT_CONVERSION = YES;
				GCC_WARN_ABOUT_RETURN_TYPE = YES_ERROR;
				GCC_WARN_UNDECLARED_SELECTOR = YES;
				GCC_WARN_UNINITIALIZED_AUTOS = YES_AGGRESSIVE;
				GCC_WARN_UNUSED_FUNCTION = YES;
				GCC_WARN_UNUSED_VARIABLE = YES;
				IPHONEOS_DEPLOYMENT_TARGET = 16.2;
				MTL_ENABLE_DEBUG_INFO = INCLUDE_SOURCE;
				MTL_FAST_MATH = YES;
				ONLY_ACTIVE_ARCH = YES;
				SDKROOT = iphoneos;
				SWIFT_ACTIVE_COMPILATION_CONDITIONS = DEBUG;
				SWIFT_OPTIMIZATION_LEVEL = "-Onone";
			};
			name = Debug;
		};
		18C21BA62A936A53002786A8 /* Release */ = {
			isa = XCBuildConfiguration;
			buildSettings = {
				ALWAYS_SEARCH_USER_PATHS = NO;
				CLANG_ANALYZER_NONNULL = YES;
				CLANG_ANALYZER_NUMBER_OBJECT_CONVERSION = YES_AGGRESSIVE;
				CLANG_CXX_LANGUAGE_STANDARD = "gnu++20";
				CLANG_ENABLE_MODULES = YES;
				CLANG_ENABLE_OBJC_ARC = YES;
				CLANG_ENABLE_OBJC_WEAK = YES;
				CLANG_WARN_BLOCK_CAPTURE_AUTORELEASING = YES;
				CLANG_WARN_BOOL_CONVERSION = YES;
				CLANG_WARN_COMMA = YES;
				CLANG_WARN_CONSTANT_CONVERSION = YES;
				CLANG_WARN_DEPRECATED_OBJC_IMPLEMENTATIONS = YES;
				CLANG_WARN_DIRECT_OBJC_ISA_USAGE = YES_ERROR;
				CLANG_WARN_DOCUMENTATION_COMMENTS = YES;
				CLANG_WARN_EMPTY_BODY = YES;
				CLANG_WARN_ENUM_CONVERSION = YES;
				CLANG_WARN_INFINITE_RECURSION = YES;
				CLANG_WARN_INT_CONVERSION = YES;
				CLANG_WARN_NON_LITERAL_NULL_CONVERSION = YES;
				CLANG_WARN_OBJC_IMPLICIT_RETAIN_SELF = YES;
				CLANG_WARN_OBJC_LITERAL_CONVERSION = YES;
				CLANG_WARN_OBJC_ROOT_CLASS = YES_ERROR;
				CLANG_WARN_QUOTED_INCLUDE_IN_FRAMEWORK_HEADER = YES;
				CLANG_WARN_RANGE_LOOP_ANALYSIS = YES;
				CLANG_WARN_STRICT_PROTOTYPES = YES;
				CLANG_WARN_SUSPICIOUS_MOVE = YES;
				CLANG_WARN_UNGUARDED_AVAILABILITY = YES_AGGRESSIVE;
				CLANG_WARN_UNREACHABLE_CODE = YES;
				CLANG_WARN__DUPLICATE_METHOD_MATCH = YES;
				COPY_PHASE_STRIP = NO;
				DEBUG_INFORMATION_FORMAT = "dwarf-with-dsym";
				ENABLE_NS_ASSERTIONS = NO;
				ENABLE_STRICT_OBJC_MSGSEND = YES;
				GCC_C_LANGUAGE_STANDARD = gnu11;
				GCC_NO_COMMON_BLOCKS = YES;
				GCC_WARN_64_TO_32_BIT_CONVERSION = YES;
				GCC_WARN_ABOUT_RETURN_TYPE = YES_ERROR;
				GCC_WARN_UNDECLARED_SELECTOR = YES;
				GCC_WARN_UNINITIALIZED_AUTOS = YES_AGGRESSIVE;
				GCC_WARN_UNUSED_FUNCTION = YES;
				GCC_WARN_UNUSED_VARIABLE = YES;
				IPHONEOS_DEPLOYMENT_TARGET = 16.2;
				MTL_ENABLE_DEBUG_INFO = NO;
				MTL_FAST_MATH = YES;
				SDKROOT = iphoneos;
				SWIFT_COMPILATION_MODE = wholemodule;
				SWIFT_OPTIMIZATION_LEVEL = "-O";
				VALIDATE_PRODUCT = YES;
			};
			name = Release;
		};
		18C21BA82A936A53002786A8 /* Debug */ = {
			isa = XCBuildConfiguration;
			buildSettings = {
				ASSETCATALOG_COMPILER_APPICON_NAME = AppIcon;
				ASSETCATALOG_COMPILER_GLOBAL_ACCENT_COLOR_NAME = AccentColor;
				CODE_SIGN_STYLE = Automatic;
				CURRENT_PROJECT_VERSION = 1;
				GENERATE_INFOPLIST_FILE = YES;
				INFOPLIST_FILE = GifDemo/Info.plist;
				INFOPLIST_KEY_UIApplicationSupportsIndirectInputEvents = YES;
				INFOPLIST_KEY_UILaunchStoryboardName = LaunchScreen;
				INFOPLIST_KEY_UIMainStoryboardFile = Main;
				INFOPLIST_KEY_UISupportedInterfaceOrientations_iPad = "UIInterfaceOrientationPortrait UIInterfaceOrientationPortraitUpsideDown UIInterfaceOrientationLandscapeLeft UIInterfaceOrientationLandscapeRight";
				INFOPLIST_KEY_UISupportedInterfaceOrientations_iPhone = "UIInterfaceOrientationPortrait UIInterfaceOrientationLandscapeLeft UIInterfaceOrientationLandscapeRight";
				LD_RUNPATH_SEARCH_PATHS = (
					"$(inherited)",
					"@executable_path/Frameworks",
				);
				MARKETING_VERSION = 1.0;
				PRODUCT_BUNDLE_IDENTIFIER = com.apple.GifDemo;
				PRODUCT_NAME = "$(TARGET_NAME)";
				SWIFT_EMIT_LOC_STRINGS = YES;
				SWIFT_VERSION = 5.0;
				TARGETED_DEVICE_FAMILY = "1,2";
			};
			name = Debug;
		};
		18C21BA92A936A53002786A8 /* Release */ = {
			isa = XCBuildConfiguration;
			buildSettings = {
				ASSETCATALOG_COMPILER_APPICON_NAME = AppIcon;
				ASSETCATALOG_COMPILER_GLOBAL_ACCENT_COLOR_NAME = AccentColor;
				CODE_SIGN_STYLE = Automatic;
				CURRENT_PROJECT_VERSION = 1;
				GENERATE_INFOPLIST_FILE = YES;
				INFOPLIST_FILE = GifDemo/Info.plist;
				INFOPLIST_KEY_UIApplicationSupportsIndirectInputEvents = YES;
				INFOPLIST_KEY_UILaunchStoryboardName = LaunchScreen;
				INFOPLIST_KEY_UIMainStoryboardFile = Main;
				INFOPLIST_KEY_UISupportedInterfaceOrientations_iPad = "UIInterfaceOrientationPortrait UIInterfaceOrientationPortraitUpsideDown UIInterfaceOrientationLandscapeLeft UIInterfaceOrientationLandscapeRight";
				INFOPLIST_KEY_UISupportedInterfaceOrientations_iPhone = "UIInterfaceOrientationPortrait UIInterfaceOrientationLandscapeLeft UIInterfaceOrientationLandscapeRight";
				LD_RUNPATH_SEARCH_PATHS = (
					"$(inherited)",
					"@executable_path/Frameworks",
				);
				MARKETING_VERSION = 1.0;
				PRODUCT_BUNDLE_IDENTIFIER = com.apple.GifDemo;
				PRODUCT_NAME = "$(TARGET_NAME)";
				SWIFT_EMIT_LOC_STRINGS = YES;
				SWIFT_VERSION = 5.0;
				TARGETED_DEVICE_FAMILY = "1,2";
			};
			name = Release;
		};
		18C21BAB2A936A53002786A8 /* Debug */ = {
			isa = XCBuildConfiguration;
			buildSettings = {
				ALWAYS_EMBED_SWIFT_STANDARD_LIBRARIES = YES;
				BUNDLE_LOADER = "$(TEST_HOST)";
				CODE_SIGN_STYLE = Automatic;
				CURRENT_PROJECT_VERSION = 1;
				GENERATE_INFOPLIST_FILE = YES;
				IPHONEOS_DEPLOYMENT_TARGET = 16.2;
				MARKETING_VERSION = 1.0;
				PRODUCT_BUNDLE_IDENTIFIER = com.apple.GifDemoTests;
				PRODUCT_NAME = "$(TARGET_NAME)";
				SWIFT_EMIT_LOC_STRINGS = NO;
				SWIFT_VERSION = 5.0;
				TARGETED_DEVICE_FAMILY = "1,2";
				TEST_HOST = "$(BUILT_PRODUCTS_DIR)/GifDemo.app/$(BUNDLE_EXECUTABLE_FOLDER_PATH)/GifDemo";
			};
			name = Debug;
		};
		18C21BAC2A936A53002786A8 /* Release */ = {
			isa = XCBuildConfiguration;
			buildSettings = {
				ALWAYS_EMBED_SWIFT_STANDARD_LIBRARIES = YES;
				BUNDLE_LOADER = "$(TEST_HOST)";
				CODE_SIGN_STYLE = Automatic;
				CURRENT_PROJECT_VERSION = 1;
				GENERATE_INFOPLIST_FILE = YES;
				IPHONEOS_DEPLOYMENT_TARGET = 16.2;
				MARKETING_VERSION = 1.0;
				PRODUCT_BUNDLE_IDENTIFIER = com.apple.GifDemoTests;
				PRODUCT_NAME = "$(TARGET_NAME)";
				SWIFT_EMIT_LOC_STRINGS = NO;
				SWIFT_VERSION = 5.0;
				TARGETED_DEVICE_FAMILY = "1,2";
				TEST_HOST = "$(BUILT_PRODUCTS_DIR)/GifDemo.app/$(BUNDLE_EXECUTABLE_FOLDER_PATH)/GifDemo";
			};
			name = Release;
		};
		18C21BAE2A936A53002786A8 /* Debug */ = {
			isa = XCBuildConfiguration;
			buildSettings = {
				ALWAYS_EMBED_SWIFT_STANDARD_LIBRARIES = YES;
				CODE_SIGN_STYLE = Automatic;
				CURRENT_PROJECT_VERSION = 1;
				GENERATE_INFOPLIST_FILE = YES;
				MARKETING_VERSION = 1.0;
				PRODUCT_BUNDLE_IDENTIFIER = com.apple.GifDemoUITests;
				PRODUCT_NAME = "$(TARGET_NAME)";
				SWIFT_EMIT_LOC_STRINGS = NO;
				SWIFT_VERSION = 5.0;
				TARGETED_DEVICE_FAMILY = "1,2";
				TEST_TARGET_NAME = GifDemo;
			};
			name = Debug;
		};
		18C21BAF2A936A53002786A8 /* Release */ = {
			isa = XCBuildConfiguration;
			buildSettings = {
				ALWAYS_EMBED_SWIFT_STANDARD_LIBRARIES = YES;
				CODE_SIGN_STYLE = Automatic;
				CURRENT_PROJECT_VERSION = 1;
				GENERATE_INFOPLIST_FILE = YES;
				MARKETING_VERSION = 1.0;
				PRODUCT_BUNDLE_IDENTIFIER = com.apple.GifDemoUITests;
				PRODUCT_NAME = "$(TARGET_NAME)";
				SWIFT_EMIT_LOC_STRINGS = NO;
				SWIFT_VERSION = 5.0;
				TARGETED_DEVICE_FAMILY = "1,2";
				TEST_TARGET_NAME = GifDemo;
			};
			name = Release;
		};
/* End XCBuildConfiguration section */

/* Begin XCConfigurationList section */
		18C21B782A936A52002786A8 /* Build configuration list for PBXProject "GifDemo" */ = {
			isa = XCConfigurationList;
			buildConfigurations = (
				18C21BA52A936A53002786A8 /* Debug */,
				18C21BA62A936A53002786A8 /* Release */,
			);
			defaultConfigurationIsVisible = 0;
			defaultConfigurationName = Release;
		};
		18C21BA72A936A53002786A8 /* Build configuration list for PBXNativeTarget "GifDemo" */ = {
			isa = XCConfigurationList;
			buildConfigurations = (
				18C21BA82A936A53002786A8 /* Debug */,
				18C21BA92A936A53002786A8 /* Release */,
			);
			defaultConfigurationIsVisible = 0;
			defaultConfigurationName = Release;
		};
		18C21BAA2A936A53002786A8 /* Build configuration list for PBXNativeTarget "GifDemoTests" */ = {
			isa = XCConfigurationList;
			buildConfigurations = (
				18C21BAB2A936A53002786A8 /* Debug */,
				18C21BAC2A936A53002786A8 /* Release */,
			);
			defaultConfigurationIsVisible = 0;
			defaultConfigurationName = Release;
		};
		18C21BAD2A936A53002786A8 /* Build configuration list for PBXNativeTarget "GifDemoUITests" */ = {
			isa = XCConfigurationList;
			buildConfigurations = (
				18C21BAE2A936A53002786A8 /* Debug */,
				18C21BAF2A936A53002786A8 /* Release */,
			);
			defaultConfigurationIsVisible = 0;
			defaultConfigurationName = Release;
		};
/* End XCConfigurationList section */
	};
	rootObject = 18C21B752A936A52002786A8 /* Project object */;
}
